
Microsoft Visual Studio Solution File, Format Version 12.00
# Visual Studio Version 16
VisualStudioVersion = 16.0.30717.126
MinimumVisualStudioVersion = 10.0.40219.1
Project("{2150E333-8FDC-42A3-9474-1A3956D46DE8}") = "src", "src", "{E31CDD25-46F6-4F2B-8442-29E66D982997}"
EndProject
Project("{9A19103F-16F7-4668-BE54-9A1E7A4F7556}") = "VogCodeChallenge.API", "src\VogCodeChallenge.API\VogCodeChallenge.API.csproj", "{5AAC43A6-11BD-47D9-B77C-1F89738E735F}"
EndProject
Project("{9A19103F-16F7-4668-BE54-9A1E7A4F7556}") = "VogCodeChallenge.Domain", "src\VogCodeChallenge.Domain\VogCodeChallenge.Domain.csproj", "{918F3B25-666E-4762-A0DD-26C7B27C5F9C}"
EndProject
Project("{9A19103F-16F7-4668-BE54-9A1E7A4F7556}") = "VogCodeChallenge.Infra.Data", "src\VogCodeChallenge.Infra.Data\VogCodeChallenge.Infra.Data.csproj", "{88083ECF-B4B8-4113-BD2A-ECB5A12EE817}"
EndProject
Project("{9A19103F-16F7-4668-BE54-9A1E7A4F7556}") = "VogCodeChallenge.Infra.CrossCutting.IoC", "src\VogCodeChallenge.Infra.CrossCutting.IoC\VogCodeChallenge.Infra.CrossCutting.IoC.csproj", "{9EA813B3-2B78-43FE-96FA-7B2693911B13}"
EndProject
Project("{E53339B2-1760-4266-BCC7-CA923CBCF16C}") = "docker-compose", "docker-compose.dcproj", "{BF1A435B-74B6-412C-BB48-55F35BF9D705}"
EndProject
Project("{9A19103F-16F7-4668-BE54-9A1E7A4F7556}") = "VogCodeChallenge.Console", "src\VogCodeChallenge.Console\VogCodeChallenge.Console.csproj", "{8ABEC5F3-B616-4D0A-8A36-1F38BA5BBD6E}"
EndProject
Project("{9A19103F-16F7-4668-BE54-9A1E7A4F7556}") = "VogCodeChallenge.Console.Test", "src\VogCodeChallenge.Console.Test\VogCodeChallenge.Console.Test.csproj", "{E61BA176-A103-4D44-AEE7-13726C3EB544}"
EndProject
Project("{9A19103F-16F7-4668-BE54-9A1E7A4F7556}") = "VogCodeChallenge.AWSLambda", "src\VogCodeChallenge.AWSLambda\VogCodeChallenge.AWSLambda.csproj", "{866F7515-6D00-4C76-B75E-6F42CE679554}"
EndProject
Global
	GlobalSection(SolutionConfigurationPlatforms) = preSolution
		Debug|Any CPU = Debug|Any CPU
		Release|Any CPU = Release|Any CPU
	EndGlobalSection
	GlobalSection(ProjectConfigurationPlatforms) = postSolution
		{5AAC43A6-11BD-47D9-B77C-1F89738E735F}.Debug|Any CPU.ActiveCfg = Debug|Any CPU
		{5AAC43A6-11BD-47D9-B77C-1F89738E735F}.Debug|Any CPU.Build.0 = Debug|Any CPU
		{5AAC43A6-11BD-47D9-B77C-1F89738E735F}.Release|Any CPU.ActiveCfg = Release|Any CPU
		{5AAC43A6-11BD-47D9-B77C-1F89738E735F}.Release|Any CPU.Build.0 = Release|Any CPU
		{918F3B25-666E-4762-A0DD-26C7B27C5F9C}.Debug|Any CPU.ActiveCfg = Debug|Any CPU
		{918F3B25-666E-4762-A0DD-26C7B27C5F9C}.Debug|Any CPU.Build.0 = Debug|Any CPU
		{918F3B25-666E-4762-A0DD-26C7B27C5F9C}.Release|Any CPU.ActiveCfg = Release|Any CPU
		{918F3B25-666E-4762-A0DD-26C7B27C5F9C}.Release|Any CPU.Build.0 = Release|Any CPU
		{88083ECF-B4B8-4113-BD2A-ECB5A12EE817}.Debug|Any CPU.ActiveCfg = Debug|Any CPU
		{88083ECF-B4B8-4113-BD2A-ECB5A12EE817}.Debug|Any CPU.Build.0 = Debug|Any CPU
		{88083ECF-B4B8-4113-BD2A-ECB5A12EE817}.Release|Any CPU.ActiveCfg = Release|Any CPU
		{88083ECF-B4B8-4113-BD2A-ECB5A12EE817}.Release|Any CPU.Build.0 = Release|Any CPU
		{9EA813B3-2B78-43FE-96FA-7B2693911B13}.Debug|Any CPU.ActiveCfg = Debug|Any CPU
		{9EA813B3-2B78-43FE-96FA-7B2693911B13}.Debug|Any CPU.Build.0 = Debug|Any CPU
		{9EA813B3-2B78-43FE-96FA-7B2693911B13}.Release|Any CPU.ActiveCfg = Release|Any CPU
		{9EA813B3-2B78-43FE-96FA-7B2693911B13}.Release|Any CPU.Build.0 = Release|Any CPU
		{BF1A435B-74B6-412C-BB48-55F35BF9D705}.Debug|Any CPU.ActiveCfg = Debug|Any CPU
		{BF1A435B-74B6-412C-BB48-55F35BF9D705}.Debug|Any CPU.Build.0 = Debug|Any CPU
		{BF1A435B-74B6-412C-BB48-55F35BF9D705}.Release|Any CPU.ActiveCfg = Release|Any CPU
		{BF1A435B-74B6-412C-BB48-55F35BF9D705}.Release|Any CPU.Build.0 = Release|Any CPU
		{8ABEC5F3-B616-4D0A-8A36-1F38BA5BBD6E}.Debug|Any CPU.ActiveCfg = Debug|Any CPU
		{8ABEC5F3-B616-4D0A-8A36-1F38BA5BBD6E}.Debug|Any CPU.Build.0 = Debug|Any CPU
		{8ABEC5F3-B616-4D0A-8A36-1F38BA5BBD6E}.Release|Any CPU.ActiveCfg = Release|Any CPU
		{8ABEC5F3-B616-4D0A-8A36-1F38BA5BBD6E}.Release|Any CPU.Build.0 = Release|Any CPU
		{E61BA176-A103-4D44-AEE7-13726C3EB544}.Debug|Any CPU.ActiveCfg = Debug|Any CPU
		{E61BA176-A103-4D44-AEE7-13726C3EB544}.Debug|Any CPU.Build.0 = Debug|Any CPU
		{E61BA176-A103-4D44-AEE7-13726C3EB544}.Release|Any CPU.ActiveCfg = Release|Any CPU
		{E61BA176-A103-4D44-AEE7-13726C3EB544}.Release|Any CPU.Build.0 = Release|Any CPU
		{866F7515-6D00-4C76-B75E-6F42CE679554}.Debug|Any CPU.ActiveCfg = Debug|Any CPU
		{866F7515-6D00-4C76-B75E-6F42CE679554}.Debug|Any CPU.Build.0 = Debug|Any CPU
		{866F7515-6D00-4C76-B75E-6F42CE679554}.Release|Any CPU.ActiveCfg = Release|Any CPU
		{866F7515-6D00-4C76-B75E-6F42CE679554}.Release|Any CPU.Build.0 = Release|Any CPU
	EndGlobalSection
	GlobalSection(SolutionProperties) = preSolution
		HideSolutionNode = FALSE
	EndGlobalSection
	GlobalSection(NestedProjects) = preSolution
		{5AAC43A6-11BD-47D9-B77C-1F89738E735F} = {E31CDD25-46F6-4F2B-8442-29E66D982997}
		{918F3B25-666E-4762-A0DD-26C7B27C5F9C} = {E31CDD25-46F6-4F2B-8442-29E66D982997}
		{88083ECF-B4B8-4113-BD2A-ECB5A12EE817} = {E31CDD25-46F6-4F2B-8442-29E66D982997}
		{9EA813B3-2B78-43FE-96FA-7B2693911B13} = {E31CDD25-46F6-4F2B-8442-29E66D982997}
		{8ABEC5F3-B616-4D0A-8A36-1F38BA5BBD6E} = {E31CDD25-46F6-4F2B-8442-29E66D982997}
		{E61BA176-A103-4D44-AEE7-13726C3EB544} = {E31CDD25-46F6-4F2B-8442-29E66D982997}
		{866F7515-6D00-4C76-B75E-6F42CE679554} = {E31CDD25-46F6-4F2B-8442-29E66D982997}
	EndGlobalSection
	GlobalSection(ExtensibilityGlobals) = postSolution
		SolutionGuid = {D88ECB93-0CE2-4B83-95D8-C4A8AAA94EA9}
	EndGlobalSection
EndGlobal
